# This file is automatically @generated by Cargo.
# It is not intended for manual editing.
version = 4

[[package]]
name = "bitflags"
version = "1.3.2"
source = "registry+https://github.com/rust-lang/crates.io-index"
checksum = "bef38d45163c2f1dde094a7dfd33ccf595c92905c8f8f4fdc18d06fb1037718a"

[[package]]
name = "customizable-buddy"
version = "0.0.2"
source = "registry+https://github.com/rust-lang/crates.io-index"
checksum = "eace6325758817ca21d4f27c2ec7d307bcac92f468ef5e0eaa2573787402a62e"

[[package]]
name = "lock_api"
version = "0.4.14"
source = "registry+https://github.com/rust-lang/crates.io-index"
checksum = "224399e74b87b5f3557511d98dff8b14089b3dadafcab6bb93eab67d3aace965"
dependencies = [
 "scopeguard",
]

[[package]]
name = "log"
version = "0.4.29"
source = "registry+https://github.com/rust-lang/crates.io-index"
checksum = "5e5032e24019045c762d3c0f28f5b6b8bbf38563a65908389bf7978758920897"

[[package]]
name = "numeric-enum-macro"
version = "0.2.0"
source = "registry+https://github.com/rust-lang/crates.io-index"
checksum = "300e4bdb6b46b592948e700ea1ef24a4296491f6a0ee722b258040abd15a3714"

[[package]]
name = "scopeguard"
version = "1.2.0"
source = "registry+https://github.com/rust-lang/crates.io-index"
checksum = "94143f37725109f92c262ed2cf5e59bce7498c01bcc1502d7b9afe439a4e9f49"

[[package]]
name = "spin"
version = "0.9.8"
source = "registry+https://github.com/rust-lang/crates.io-index"
checksum = "6980e8d7511241f8acf4aebddbb1ff938df5eebe98691418c4468d0b72a96a67"
dependencies = [
 "lock_api",
]

[[package]]
name = "tg-console"
version = "0.1.0-preview.2"
source = "registry+https://github.com/rust-lang/crates.io-index"
checksum = "08f28f68944da654d3596918453aba672a8635b4257b8e5181120271736d8330"
dependencies = [
 "log",
 "spin",
]

[[package]]
name = "tg-signal-defs"
version = "0.1.0-preview.1"
source = "registry+https://github.com/rust-lang/crates.io-index"
checksum = "d3f00b57e9b55d016027479f4ac3c278be328a7d33466dba1c74d76777641545"
dependencies = [
 "numeric-enum-macro",
]

[[package]]
name = "tg-syscall"
version = "0.1.0-preview.2"
source = "registry+https://github.com/rust-lang/crates.io-index"
checksum = "286c9118c1f347769bf49825c10f3dead82fd9feb6ac093286504557451fd757"
dependencies = [
 "bitflags",
 "spin",
 "tg-signal-defs",
]

[[package]]
name = "tg-user"
version = "0.2.0-preview.1"
dependencies = [
 "customizable-buddy",
 "tg-console",
 "tg-syscall",
]
