# This file is automatically @generated by Cargo.
# It is not intended for manual editing.
version = 4

[[package]]
name = "bit_field"
version = "0.10.3"
source = "registry+https://github.com/rust-lang/crates.io-index"
checksum = "1e4b40c7323adcfc0a41c4b88143ed58346ff65a288fc144329c5c45e05d70c6"

[[package]]
name = "bitflags"
version = "1.3.2"
source = "registry+https://github.com/rust-lang/crates.io-index"
checksum = "bef38d45163c2f1dde094a7dfd33ccf595c92905c8f8f4fdc18d06fb1037718a"

[[package]]
name = "cfg-if"
version = "1.0.4"
source = "registry+https://github.com/rust-lang/crates.io-index"
checksum = "9330f8b2ff13f34540b44e946ef35111825727b38d33286ef986142615121801"

[[package]]
name = "critical-section"
version = "1.2.0"
source = "registry+https://github.com/rust-lang/crates.io-index"
checksum = "790eea4361631c5e7d22598ecd5723ff611904e3344ce8720784c93e3d83d40b"

[[package]]
name = "customizable-buddy"
version = "0.0.3"
source = "registry+https://github.com/rust-lang/crates.io-index"
checksum = "6f6c584413bb642e0f8c33faa63d7bd285335eb01b4db80be4119926ddcb96be"

[[package]]
name = "embedded-hal"
version = "0.2.7"
source = "registry+https://github.com/rust-lang/crates.io-index"
checksum = "35949884794ad573cf46071e41c9b60efb0cb311e3ca01f7af807af1debc66ff"
dependencies = [
 "nb 0.1.3",
 "void",
]

[[package]]
name = "equivalent"
version = "1.0.2"
source = "registry+https://github.com/rust-lang/crates.io-index"
checksum = "877a4ace8713b0bcf2a4e7eec82529c029f1d0619886d18145fea96c3ffe5c0f"

[[package]]
name = "hashbrown"
version = "0.16.1"
source = "registry+https://github.com/rust-lang/crates.io-index"
checksum = "841d1cc9bed7f9236f321df977030373f4a4163ae1a7dbfe1a51a2c1a51d9100"

[[package]]
name = "indexmap"
version = "2.13.0"
source = "registry+https://github.com/rust-lang/crates.io-index"
checksum = "7714e70437a7dc3ac8eb7e6f8df75fd8eb422675fc7678aff7364301092b1017"
dependencies = [
 "equivalent",
 "hashbrown",
]

[[package]]
name = "lock_api"
version = "0.4.14"
source = "registry+https://github.com/rust-lang/crates.io-index"
checksum = "224399e74b87b5f3557511d98dff8b14089b3dadafcab6bb93eab67d3aace965"
dependencies = [
 "scopeguard",
]

[[package]]
name = "log"
version = "0.4.29"
source = "registry+https://github.com/rust-lang/crates.io-index"
checksum = "5e5032e24019045c762d3c0f28f5b6b8bbf38563a65908389bf7978758920897"

[[package]]
name = "memchr"
version = "2.8.0"
source = "registry+https://github.com/rust-lang/crates.io-index"
checksum = "f8ca58f447f06ed17d5fc4043ce1b10dd205e060fb3ce5b979b8ed8e59ff3f79"

[[package]]
name = "nb"
version = "0.1.3"
source = "registry+https://github.com/rust-lang/crates.io-index"
checksum = "801d31da0513b6ec5214e9bf433a77966320625a37860f910be265be6e18d06f"
dependencies = [
 "nb 1.1.0",
]

[[package]]
name = "nb"
version = "1.1.0"
source = "registry+https://github.com/rust-lang/crates.io-index"
checksum = "8d5439c4ad607c3c23abf66de8c8bf57ba8adcd1f129e699851a6e43935d339d"

[[package]]
name = "numeric-enum-macro"
version = "0.2.0"
source = "registry+https://github.com/rust-lang/crates.io-index"
checksum = "300e4bdb6b46b592948e700ea1ef24a4296491f6a0ee722b258040abd15a3714"

[[package]]
name = "page-table"
version = "0.0.6"
source = "registry+https://github.com/rust-lang/crates.io-index"
checksum = "82a394e6c402fb630dbb6e33a84a342c482a603ae32b2a26d61202bfaba2b2c0"
dependencies = [
 "cfg-if",
 "static_assertions",
]

[[package]]
name = "proc-macro2"
version = "1.0.106"
source = "registry+https://github.com/rust-lang/crates.io-index"
checksum = "8fd00f0bb2e90d81d1044c2b32617f68fcb9fa3bb7640c23e9c748e53fb30934"
dependencies = [
 "unicode-ident",
]

[[package]]
name = "quote"
version = "1.0.44"
source = "registry+https://github.com/rust-lang/crates.io-index"
checksum = "21b2ebcf727b7760c461f091f9f0f539b77b8e87f2fd88131e7f1b433b3cece4"
dependencies = [
 "proc-macro2",
]

[[package]]
name = "riscv"
version = "0.10.1"
source = "registry+https://github.com/rust-lang/crates.io-index"
checksum = "aa3145d2fae3778b1e31ec2e827b228bdc6abd9b74bb5705ba46dcb82069bc4f"
dependencies = [
 "bit_field",
 "critical-section",
 "embedded-hal",
]

[[package]]
name = "scopeguard"
version = "1.2.0"
source = "registry+https://github.com/rust-lang/crates.io-index"
checksum = "94143f37725109f92c262ed2cf5e59bce7498c01bcc1502d7b9afe439a4e9f49"

[[package]]
name = "serde"
version = "1.0.228"
source = "registry+https://github.com/rust-lang/crates.io-index"
checksum = "9a8e94ea7f378bd32cbbd37198a4a91436180c5bb472411e48b5ec2e2124ae9e"
dependencies = [
 "serde_core",
 "serde_derive",
]

[[package]]
name = "serde_core"
version = "1.0.228"
source = "registry+https://github.com/rust-lang/crates.io-index"
checksum = "41d385c7d4ca58e59fc732af25c3983b67ac852c1a25000afe1175de458b67ad"
dependencies = [
 "serde_derive",
]

[[package]]
name = "serde_derive"
version = "1.0.228"
source = "registry+https://github.com/rust-lang/crates.io-index"
checksum = "d540f220d3187173da220f885ab66608367b6574e925011a9353e4badda91d79"
dependencies = [
 "proc-macro2",
 "quote",
 "syn",
]

[[package]]
name = "serde_spanned"
version = "0.6.9"
source = "registry+https://github.com/rust-lang/crates.io-index"
checksum = "bf41e0cfaf7226dca15e8197172c295a782857fcb97fad1808a166870dee75a3"
dependencies = [
 "serde",
]

[[package]]
name = "spin"
version = "0.9.8"
source = "registry+https://github.com/rust-lang/crates.io-index"
checksum = "6980e8d7511241f8acf4aebddbb1ff938df5eebe98691418c4468d0b72a96a67"
dependencies = [
 "lock_api",
]

[[package]]
name = "static_assertions"
version = "1.1.0"
source = "registry+https://github.com/rust-lang/crates.io-index"
checksum = "a2eb9349b6444b326872e140eb1cf5e7c522154d69e7a0ffb0fb81c06b37543f"

[[package]]
name = "syn"
version = "2.0.114"
source = "registry+https://github.com/rust-lang/crates.io-index"
checksum = "d4d107df263a3013ef9b1879b0df87d706ff80f65a86ea879bd9c31f9b307c2a"
dependencies = [
 "proc-macro2",
 "quote",
 "unicode-ident",
]

[[package]]
name = "tg-ch8"
version = "0.4.2-preview.1"
dependencies = [
 "riscv",
 "serde",
 "spin",
 "tg-console",
 "tg-easy-fs",
 "tg-kernel-alloc",
 "tg-kernel-context",
 "tg-kernel-vm",
 "tg-linker",
 "tg-sbi",
 "tg-signal",
 "tg-signal-impl",
 "tg-sync",
 "tg-syscall",
 "tg-task-manage",
 "toml",
 "virtio-drivers",
 "xmas-elf",
]

[[package]]
name = "tg-console"
version = "0.4.2-preview.1"
source = "registry+https://github.com/rust-lang/crates.io-index"
checksum = "6375b27bf5e2fc21d492a56243401be1de80605dc577e1ac5259ce2cb38a518d"
dependencies = [
 "log",
 "spin",
]

[[package]]
name = "tg-easy-fs"
version = "0.4.2-preview.1"
source = "registry+https://github.com/rust-lang/crates.io-index"
checksum = "d89fce49a1981cfc34e498ddbe1d7e85c94731e02ca0e5ae0cdd86d1d82c9441"
dependencies = [
 "bitflags",
 "spin",
]

[[package]]
name = "tg-kernel-alloc"
version = "0.4.2-preview.1"
source = "registry+https://github.com/rust-lang/crates.io-index"
checksum = "e883a2ec2e342e70ffb136224eb83fe088b20bf7962acc2b0070569b22c5282e"
dependencies = [
 "customizable-buddy",
 "log",
 "page-table",
]

[[package]]
name = "tg-kernel-context"
version = "0.4.2-preview.1"
source = "registry+https://github.com/rust-lang/crates.io-index"
checksum = "8672fb472f0a1974d1be5e09c89cdd055a25a08d76624c4fcc7e0f60ace43088"
dependencies = [
 "spin",
]

[[package]]
name = "tg-kernel-vm"
version = "0.4.2-preview.1"
source = "registry+https://github.com/rust-lang/crates.io-index"
checksum = "d311e301428577b6831cd387d3470ab20bdcdd202e89f83a580b872d8e0f044c"
dependencies = [
 "page-table",
 "spin",
]

[[package]]
name = "tg-linker"
version = "0.4.2-preview.1"
source = "registry+https://github.com/rust-lang/crates.io-index"
checksum = "86bdecb5cf05095893434e4a4bbf5d933a609bb4ca345b0712804b49ed026ab6"

[[package]]
name = "tg-sbi"
version = "0.4.2-preview.1"
source = "registry+https://github.com/rust-lang/crates.io-index"
checksum = "73736aa3bbd46c1735a12977b17159bda2c364c6574f4f3ca57451917699043d"

[[package]]
name = "tg-signal"
version = "0.4.2-preview.1"
source = "registry+https://github.com/rust-lang/crates.io-index"
checksum = "72abfa6fab9984d7ad9f8b9dff1580948a604a8042d85523115a7be5707033d2"
dependencies = [
 "tg-kernel-context",
 "tg-signal-defs",
]

[[package]]
name = "tg-signal-defs"
version = "0.4.2-preview.1"
source = "registry+https://github.com/rust-lang/crates.io-index"
checksum = "eca77ca596cb05cf1760f2aae8bef15d65da33412d9232ed23e38fa152979eb5"
dependencies = [
 "numeric-enum-macro",
]

[[package]]
name = "tg-signal-impl"
version = "0.4.2-preview.1"
source = "registry+https://github.com/rust-lang/crates.io-index"
checksum = "2d88671ecc9314b0876993349884e6a35d70e2c6a56797bace01353696cb2180"
dependencies = [
 "tg-kernel-context",
 "tg-signal",
]

[[package]]
name = "tg-sync"
version = "0.4.2-preview.1"
source = "registry+https://github.com/rust-lang/crates.io-index"
checksum = "ad678563c1b210f941df2c0548baa128ff5472d4da7764c2945799ba3a89b06f"
dependencies = [
 "riscv",
 "spin",
 "tg-task-manage",
]

[[package]]
name = "tg-syscall"
version = "0.4.2-preview.1"
source = "registry+https://github.com/rust-lang/crates.io-index"
checksum = "adfad390cb618df1a1053d44b050379b616d6ddc2a39e806c78be63b92132581"
dependencies = [
 "bitflags",
 "spin",
 "tg-signal-defs",
]

[[package]]
name = "tg-task-manage"
version = "0.4.2-preview.1"
source = "registry+https://github.com/rust-lang/crates.io-index"
checksum = "ed3a7a2d0fed041a0696e24762f45cf04fd0bc7a462568fdc974ec34a98744a0"

[[package]]
name = "toml"
version = "0.8.23"
source = "registry+https://github.com/rust-lang/crates.io-index"
checksum = "dc1beb996b9d83529a9e75c17a1686767d148d70663143c7854d8b4a09ced362"
dependencies = [
 "serde",
 "serde_spanned",
 "toml_datetime",
 "toml_edit",
]

[[package]]
name = "toml_datetime"
version = "0.6.11"
source = "registry+https://github.com/rust-lang/crates.io-index"
checksum = "22cddaf88f4fbc13c51aebbf5f8eceb5c7c5a9da2ac40a13519eb5b0a0e8f11c"
dependencies = [
 "serde",
]

[[package]]
name = "toml_edit"
version = "0.22.27"
source = "registry+https://github.com/rust-lang/crates.io-index"
checksum = "41fe8c660ae4257887cf66394862d21dbca4a6ddd26f04a3560410406a2f819a"
dependencies = [
 "indexmap",
 "serde",
 "serde_spanned",
 "toml_datetime",
 "toml_write",
 "winnow",
]

[[package]]
name = "toml_write"
version = "0.1.2"
source = "registry+https://github.com/rust-lang/crates.io-index"
checksum = "5d99f8c9a7727884afe522e9bd5edbfc91a3312b36a77b5fb8926e4c31a41801"

[[package]]
name = "unicode-ident"
version = "1.0.23"
source = "registry+https://github.com/rust-lang/crates.io-index"
checksum = "537dd038a89878be9b64dd4bd1b260315c1bb94f4d784956b81e27a088d9a09e"

[[package]]
name = "virtio-drivers"
version = "0.1.0"
source = "registry+https://github.com/rust-lang/crates.io-index"
checksum = "70fa25d0e1ed9095580f2882fb065331ff531017b08c5dd7528a2ef0227f468e"
dependencies = [
 "bitflags",
 "log",
]

[[package]]
name = "void"
version = "1.0.2"
source = "registry+https://github.com/rust-lang/crates.io-index"
checksum = "6a02e4885ed3bc0f2de90ea6dd45ebcbb66dacffe03547fadbb0eeae2770887d"

[[package]]
name = "winnow"
version = "0.7.14"
source = "registry+https://github.com/rust-lang/crates.io-index"
checksum = "5a5364e9d77fcdeeaa6062ced926ee3381faa2ee02d3eb83a5c27a8825540829"
dependencies = [
 "memchr",
]

[[package]]
name = "xmas-elf"
version = "0.8.0"
source = "registry+https://github.com/rust-lang/crates.io-index"
checksum = "8d29b4d8e7beaceb4e77447ba941a7600d23d0319ab52da0461abea214832d5a"
dependencies = [
 "zero",
]

[[package]]
name = "zero"
version = "0.1.3"
source = "registry+https://github.com/rust-lang/crates.io-index"
checksum = "2fe21bcc34ca7fe6dd56cc2cb1261ea59d6b93620215aefb5ea6032265527784"
